// !$*UTF8*$!
{
	archiveVersion = 1;
	classes = {
	};
	objectVersion = 56;
	objects = {

/* Begin PBXBuildFile section */
		F11021632B09233200334235 /* emergency_widgetApp.swift in Sources */ = {isa = PBXBuildFile; fileRef = F11021622B09233200334235 /* emergency_widgetApp.swift */; };
		F11021652B09233200334235 /* ContentView.swift in Sources */ = {isa = PBXBuildFile; fileRef = F11021642B09233200334235 /* ContentView.swift */; };
		F11021672B09233300334235 /* Assets.xcassets in Resources */ = {isa = PBXBuildFile; fileRef = F11021662B09233300334235 /* Assets.xcassets */; };
		F110216A2B09233300334235 /* Preview Assets.xcassets in Resources */ = {isa = PBXBuildFile; fileRef = F11021692B09233300334235 /* Preview Assets.xcassets */; };
		F11141132B097F2100876BEE /* WidgetView.swift in Sources */ = {isa = PBXBuildFile; fileRef = F11141122B097F2100876BEE /* WidgetView.swift */; };
		F111411B2B09800200876BEE /* WidgetKit.framework in Frameworks */ = {isa = PBXBuildFile; fileRef = F111411A2B09800200876BEE /* WidgetKit.framework */; };
		F111411D2B09800200876BEE /* SwiftUI.framework in Frameworks */ = {isa = PBXBuildFile; fileRef = F111411C2B09800200876BEE /* SwiftUI.framework */; };
		F11141202B09800200876BEE /* widget_extensionBundle.swift in Sources */ = {isa = PBXBuildFile; fileRef = F111411F2B09800200876BEE /* widget_extensionBundle.swift */; };
		F11141222B09800200876BEE /* widget_extensionLiveActivity.swift in Sources */ = {isa = PBXBuildFile; fileRef = F11141212B09800200876BEE /* widget_extensionLiveActivity.swift */; };
		F11141242B09800200876BEE /* widget_extension.swift in Sources */ = {isa = PBXBuildFile; fileRef = F11141232B09800200876BEE /* widget_extension.swift */; };
		F11141262B09800200876BEE /* AppIntent.swift in Sources */ = {isa = PBXBuildFile; fileRef = F11141252B09800200876BEE /* AppIntent.swift */; };
		F11141282B09800300876BEE /* Assets.xcassets in Resources */ = {isa = PBXBuildFile; fileRef = F11141272B09800300876BEE /* Assets.xcassets */; };
		F111412C2B09800300876BEE /* widget_extensionExtension.appex in Embed Foundation Extensions */ = {isa = PBXBuildFile; fileRef = F11141182B09800200876BEE /* widget_extensionExtension.appex */; settings = {ATTRIBUTES = (RemoveHeadersOnCopy, ); }; };
		F16B36A32B0981FA00CB9238 /* WidgetView.swift in Sources */ = {isa = PBXBuildFile; fileRef = F11141122B097F2100876BEE /* WidgetView.swift */; };
		F1B454452B09931400EB5D7F /* ContentView.swift in Sources */ = {isa = PBXBuildFile; fileRef = F11021642B09233200334235 /* ContentView.swift */; };
/* End PBXBuildFile section */

/* Begin PBXContainerItemProxy section */
		F111412A2B09800300876BEE /* PBXContainerItemProxy */ = {
			isa = PBXContainerItemProxy;
			containerPortal = F11021572B09233200334235 /* Project object */;
			proxyType = 1;
			remoteGlobalIDString = F11141172B09800200876BEE;
			remoteInfo = widget_extensionExtension;
		};
/* End PBXContainerItemProxy section */

/* Begin PBXCopyFilesBuildPhase section */
		F11141302B09800300876BEE /* Embed Foundation Extensions */ = {
			isa = PBXCopyFilesBuildPhase;
			buildActionMask = 2147483647;
			dstPath = "";
			dstSubfolderSpec = 13;
			files = (
				F111412C2B09800300876BEE /* widget_extensionExtension.appex in Embed Foundation Extensions */,
			);
			name = "Embed Foundation Extensions";
			runOnlyForDeploymentPostprocessing = 0;
		};
/* End PBXCopyFilesBuildPhase section */

/* Begin PBXFileReference section */
		F110215F2B09233200334235 /* emergency_widget.app */ = {isa = PBXFileReference; explicitFileType = wrapper.application; includeInIndex = 0; path = emergency_widget.app; sourceTree = BUILT_PRODUCTS_DIR; };
		F11021622B09233200334235 /* emergency_widgetApp.swift */ = {isa = PBXFileReference; lastKnownFileType = sourcecode.swift; path = emergency_widgetApp.swift; sourceTree = "<group>"; };
		F11021642B09233200334235 /* ContentView.swift */ = {isa = PBXFileReference; lastKnownFileType = sourcecode.swift; path = ContentView.swift; sourceTree = "<group>"; };
		F11021662B09233300334235 /* Assets.xcassets */ = {isa = PBXFileReference; lastKnownFileType = folder.assetcatalog; path = Assets.xcassets; sourceTree = "<group>"; };
		F11021692B09233300334235 /* Preview Assets.xcassets */ = {isa = PBXFileReference; lastKnownFileType = folder.assetcatalog; path = "Preview Assets.xcassets"; sourceTree = "<group>"; };
		F11141122B097F2100876BEE /* WidgetView.swift */ = {isa = PBXFileReference; lastKnownFileType = sourcecode.swift; path = WidgetView.swift; sourceTree = "<group>"; };
		F11141182B09800200876BEE /* widget_extensionExtension.appex */ = {isa = PBXFileReference; explicitFileType = "wrapper.app-extension"; includeInIndex = 0; path = widget_extensionExtension.appex; sourceTree = BUILT_PRODUCTS_DIR; };
		F111411A2B09800200876BEE /* WidgetKit.framework */ = {isa = PBXFileReference; lastKnownFileType = wrapper.framework; name = WidgetKit.framework; path = System/Library/Frameworks/WidgetKit.framework; sourceTree = SDKROOT; };
		F111411C2B09800200876BEE /* SwiftUI.framework */ = {isa = PBXFileReference; lastKnownFileType = wrapper.framework; name = SwiftUI.framework; path = System/Library/Frameworks/SwiftUI.framework; sourceTree = SDKROOT; };
		F111411F2B09800200876BEE /* widget_extensionBundle.swift */ = {isa = PBXFileReference; lastKnownFileType = sourcecode.swift; path = widget_extensionBundle.swift; sourceTree = "<group>"; };
		F11141212B09800200876BEE /* widget_extensionLiveActivity.swift */ = {isa = PBXFileReference; lastKnownFileType = sourcecode.swift; path = widget_extensionLiveActivity.swift; sourceTree = "<group>"; };
		F11141232B09800200876BEE /* widget_extension.swift */ = {isa = PBXFileReference; lastKnownFileType = sourcecode.swift; path = widget_extension.swift; sourceTree = "<group>"; };
		F11141252B09800200876BEE /* AppIntent.swift */ = {isa = PBXFileReference; lastKnownFileType = sourcecode.swift; path = AppIntent.swift; sourceTree = "<group>"; };
		F11141272B09800300876BEE /* Assets.xcassets */ = {isa = PBXFileReference; lastKnownFileType = folder.assetcatalog; path = Assets.xcassets; sourceTree = "<group>"; };
		F11141292B09800300876BEE /* Info.plist */ = {isa = PBXFileReference; lastKnownFileType = text.plist.xml; path = Info.plist; sourceTree = "<group>"; };
/* End PBXFileReference section */

/* Begin PBXFrameworksBuildPhase section */
		F110215C2B09233200334235 /* Frameworks */ = {
			isa = PBXFrameworksBuildPhase;
			buildActionMask = 2147483647;
			files = (
			);
			runOnlyForDeploymentPostprocessing = 0;
		};
		F11141152B09800200876BEE /* Frameworks */ = {
			isa = PBXFrameworksBuildPhase;
			buildActionMask = 2147483647;
			files = (
				F111411D2B09800200876BEE /* SwiftUI.framework in Frameworks */,
				F111411B2B09800200876BEE /* WidgetKit.framework in Frameworks */,
			);
			runOnlyForDeploymentPostprocessing = 0;
		};
/* End PBXFrameworksBuildPhase section */

/* Begin PBXGroup section */
		F11021562B09233200334235 = {
			isa = PBXGroup;
			children = (
				F11021612B09233200334235 /* emergency_widget */,
				F111411E2B09800200876BEE /* widget_extension */,
				F11141192B09800200876BEE /* Frameworks */,
				F11021602B09233200334235 /* Products */,
			);
			sourceTree = "<group>";
		};
		F11021602B09233200334235 /* Products */ = {
			isa = PBXGroup;
			children = (
				F110215F2B09233200334235 /* emergency_widget.app */,
				F11141182B09800200876BEE /* widget_extensionExtension.appex */,
			);
			name = Products;
			sourceTree = "<group>";
		};
		F11021612B09233200334235 /* emergency_widget */ = {
			isa = PBXGroup;
			children = (
				F11021622B09233200334235 /* emergency_widgetApp.swift */,
				F11021642B09233200334235 /* ContentView.swift */,
				F11141122B097F2100876BEE /* WidgetView.swift */,
				F11021662B09233300334235 /* Assets.xcassets */,
				F11021682B09233300334235 /* Preview Content */,
			);
			path = emergency_widget;
			sourceTree = "<group>";
		};
		F11021682B09233300334235 /* Preview Content */ = {
			isa = PBXGroup;
			children = (
				F11021692B09233300334235 /* Preview Assets.xcassets */,
			);
			path = "Preview Content";
			sourceTree = "<group>";
		};
		F11141192B09800200876BEE /* Frameworks */ = {
			isa = PBXGroup;
			children = (
				F111411A2B09800200876BEE /* WidgetKit.framework */,
				F111411C2B09800200876BEE /* SwiftUI.framework */,
			);
			name = Frameworks;
			sourceTree = "<group>";
		};
		F111411E2B09800200876BEE /* widget_extension */ = {
			isa = PBXGroup;
			children = (
				F111411F2B09800200876BEE /* widget_extensionBundle.swift */,
				F11141212B09800200876BEE /* widget_extensionLiveActivity.swift */,
				F11141232B09800200876BEE /* widget_extension.swift */,
				F11141252B09800200876BEE /* AppIntent.swift */,
				F11141272B09800300876BEE /* Assets.xcassets */,
				F11141292B09800300876BEE /* Info.plist */,
			);
			path = widget_extension;
			sourceTree = "<group>";
		};
/* End PBXGroup section */

/* Begin PBXNativeTarget section */
		F110215E2B09233200334235 /* emergency_widget */ = {
			isa = PBXNativeTarget;
			buildConfigurationList = F110216D2B09233300334235 /* Build configuration list for PBXNativeTarget "emergency_widget" */;
			buildPhases = (
				F110215B2B09233200334235 /* Sources */,
				F110215C2B09233200334235 /* Frameworks */,
				F110215D2B09233200334235 /* Resources */,
				F11141302B09800300876BEE /* Embed Foundation Extensions */,
			);
			buildRules = (
			);
			dependencies = (
				F111412B2B09800300876BEE /* PBXTargetDependency */,
			);
			name = emergency_widget;
			productName = emergency_widget;
			productReference = F110215F2B09233200334235 /* emergency_widget.app */;
			productType = "com.apple.product-type.application";
		};
		F11141172B09800200876BEE /* widget_extensionExtension */ = {
			isa = PBXNativeTarget;
			buildConfigurationList = F111412D2B09800300876BEE /* Build configuration list for PBXNativeTarget "widget_extensionExtension" */;
			buildPhases = (
				F11141142B09800200876BEE /* Sources */,
				F11141152B09800200876BEE /* Frameworks */,
				F11141162B09800200876BEE /* Resources */,
			);
			buildRules = (
			);
			dependencies = (
			);
			name = widget_extensionExtension;
			productName = widget_extensionExtension;
			productReference = F11141182B09800200876BEE /* widget_extensionExtension.appex */;
			productType = "com.apple.product-type.app-extension";
		};
/* End PBXNativeTarget section */

/* Begin PBXProject section */
		F11021572B09233200334235 /* Project object */ = {
			isa = PBXProject;
			attributes = {
				BuildIndependentTargetsInParallel = 1;
				LastSwiftUpdateCheck = 1500;
				LastUpgradeCheck = 1430;
				TargetAttributes = {
					F110215E2B09233200334235 = {
						CreatedOnToolsVersion = 14.3.1;
					};
					F11141172B09800200876BEE = {
						CreatedOnToolsVersion = 15.0.1;
					};
				};
			};
			buildConfigurationList = F110215A2B09233200334235 /* Build configuration list for PBXProject "emergency_widget" */;
			compatibilityVersion = "Xcode 14.0";
			developmentRegion = en;
			hasScannedForEncodings = 0;
			knownRegions = (
				en,
				Base,
			);
			mainGroup = F11021562B09233200334235;
			productRefGroup = F11021602B09233200334235 /* Products */;
			projectDirPath = "";
			projectRoot = "";
			targets = (
				F110215E2B09233200334235 /* emergency_widget */,
				F11141172B09800200876BEE /* widget_extensionExtension */,
			);
		};
/* End PBXProject section */

/* Begin PBXResourcesBuildPhase section */
		F110215D2B09233200334235 /* Resources */ = {
			isa = PBXResourcesBuildPhase;
			buildActionMask = 2147483647;
			files = (
				F110216A2B09233300334235 /* Preview Assets.xcassets in Resources */,
				F11021672B09233300334235 /* Assets.xcassets in Resources */,
			);
			runOnlyForDeploymentPostprocessing = 0;
		};
		F11141162B09800200876BEE /* Resources */ = {
			isa = PBXResourcesBuildPhase;
			buildActionMask = 2147483647;
			files = (
				F11141282B09800300876BEE /* Assets.xcassets in Resources */,
			);
			runOnlyForDeploymentPostprocessing = 0;
		};
/* End PBXResourcesBuildPhase section */

/* Begin PBXSourcesBuildPhase section */
		F110215B2B09233200334235 /* Sources */ = {
			isa = PBXSourcesBuildPhase;
			buildActionMask = 2147483647;
			files = (
				F11141132B097F2100876BEE /* WidgetView.swift in Sources */,
				F11021652B09233200334235 /* ContentView.swift in Sources */,
				F11021632B09233200334235 /* emergency_widgetApp.swift in Sources */,
			);
			runOnlyForDeploymentPostprocessing = 0;
		};
		F11141142B09800200876BEE /* Sources */ = {
			isa = PBXSourcesBuildPhase;
			buildActionMask = 2147483647;
			files = (
				F11141242B09800200876BEE /* widget_extension.swift in Sources */,
				F11141262B09800200876BEE /* AppIntent.swift in Sources */,
				F1B454452B09931400EB5D7F /* ContentView.swift in Sources */,
				F11141222B09800200876BEE /* widget_extensionLiveActivity.swift in Sources */,
				F11141202B09800200876BEE /* widget_extensionBundle.swift in Sources */,
				F16B36A32B0981FA00CB9238 /* WidgetView.swift in Sources */,
			);
			runOnlyForDeploymentPostprocessing = 0;
		};
/* End PBXSourcesBuildPhase section */

/* Begin PBXTargetDependency section */
		F111412B2B09800300876BEE /* PBXTargetDependency */ = {
			isa = PBXTargetDependency;
			target = F11141172B09800200876BEE /* widget_extensionExtension */;
			targetProxy = F111412A2B09800300876BEE /* PBXContainerItemProxy */;
		};
/* End PBXTargetDependency section */

/* Begin XCBuildConfiguration section */
		F110216B2B09233300334235 /* Debug */ = {
			isa = XCBuildConfiguration;
			buildSettings = {
				ALWAYS_SEARCH_USER_PATHS = NO;
				CLANG_ANALYZER_NONNULL = YES;
				CLANG_ANALYZER_NUMBER_OBJECT_CONVERSION = YES_AGGRESSIVE;
				CLANG_CXX_LANGUAGE_STANDARD = "gnu++20";
				CLANG_ENABLE_MODULES = YES;
				CLANG_ENABLE_OBJC_ARC = YES;
				CLANG_ENABLE_OBJC_WEAK = YES;
				CLANG_WARN_BLOCK_CAPTURE_AUTORELEASING = YES;
				CLANG_WARN_BOOL_CONVERSION = YES;
				CLANG_WARN_COMMA = YES;
				CLANG_WARN_CONSTANT_CONVERSION = YES;
				CLANG_WARN_DEPRECATED_OBJC_IMPLEMENTATIONS = YES;
				CLANG_WARN_DIRECT_OBJC_ISA_USAGE = YES_ERROR;
				CLANG_WARN_DOCUMENTATION_COMMENTS = YES;
				CLANG_WARN_EMPTY_BODY = YES;
				CLANG_WARN_ENUM_CONVERSION = YES;
				CLANG_WARN_INFINITE_RECURSION = YES;
				CLANG_WARN_INT_CONVERSION = YES;
				CLANG_WARN_NON_LITERAL_NULL_CONVERSION = YES;
				CLANG_WARN_OBJC_IMPLICIT_RETAIN_SELF = YES;
				CLANG_WARN_OBJC_LITERAL_CONVERSION = YES;
				CLANG_WARN_OBJC_ROOT_CLASS = YES_ERROR;
				CLANG_WARN_QUOTED_INCLUDE_IN_FRAMEWORK_HEADER = YES;
				CLANG_WARN_RANGE_LOOP_ANALYSIS = YES;
				CLANG_WARN_STRICT_PROTOTYPES = YES;
				CLANG_WARN_SUSPICIOUS_MOVE = YES;
				CLANG_WARN_UNGUARDED_AVAILABILITY = YES_AGGRESSIVE;
				CLANG_WARN_UNREACHABLE_CODE = YES;
				CLANG_WARN__DUPLICATE_METHOD_MATCH = YES;
				COPY_PHASE_STRIP = NO;
				DEBUG_INFORMATION_FORMAT = dwarf;
				ENABLE_STRICT_OBJC_MSGSEND = YES;
				ENABLE_TESTABILITY = YES;
				GCC_C_LANGUAGE_STANDARD = gnu11;
				GCC_DYNAMIC_NO_PIC = NO;
				GCC_NO_COMMON_BLOCKS = YES;
				GCC_OPTIMIZATION_LEVEL = 0;
				GCC_PREPROCESSOR_DEFINITIONS = (
					"DEBUG=1",
					"$(inherited)",
				);
				GCC_WARN_64_TO_32_BIT_CONVERSION = YES;
				GCC_WARN_ABOUT_RETURN_TYPE = YES_ERROR;
				GCC_WARN_UNDECLARED_SELECTOR = YES;
				GCC_WARN_UNINITIALIZED_AUTOS = YES_AGGRESSIVE;
				GCC_WARN_UNUSED_FUNCTION = YES;
				GCC_WARN_UNUSED_VARIABLE = YES;
				IPHONEOS_DEPLOYMENT_TARGET = 17.0;
				MTL_ENABLE_DEBUG_INFO = INCLUDE_SOURCE;
				MTL_FAST_MATH = YES;
				ONLY_ACTIVE_ARCH = YES;
				SDKROOT = iphoneos;
				SWIFT_ACTIVE_COMPILATION_CONDITIONS = DEBUG;
				SWIFT_OPTIMIZATION_LEVEL = "-Onone";
			};
			name = Debug;
		};
		F110216C2B09233300334235 /* Release */ = {
			isa = XCBuildConfiguration;
			buildSettings = {
				ALWAYS_SEARCH_USER_PATHS = NO;
				CLANG_ANALYZER_NONNULL = YES;
				CLANG_ANALYZER_NUMBER_OBJECT_CONVERSION = YES_AGGRESSIVE;
				CLANG_CXX_LANGUAGE_STANDARD = "gnu++20";
				CLANG_ENABLE_MODULES = YES;
				CLANG_ENABLE_OBJC_ARC = YES;
				CLANG_ENABLE_OBJC_WEAK = YES;
				CLANG_WARN_BLOCK_CAPTURE_AUTORELEASING = YES;
				CLANG_WARN_BOOL_CONVERSION = YES;
				CLANG_WARN_COMMA = YES;
				CLANG_WARN_CONSTANT_CONVERSION = YES;
				CLANG_WARN_DEPRECATED_OBJC_IMPLEMENTATIONS = YES;
				CLANG_WARN_DIRECT_OBJC_ISA_USAGE = YES_ERROR;
				CLANG_WARN_DOCUMENTATION_COMMENTS = YES;
				CLANG_WARN_EMPTY_BODY = YES;
				CLANG_WARN_ENUM_CONVERSION = YES;
				CLANG_WARN_INFINITE_RECURSION = YES;
				CLANG_WARN_INT_CONVERSION = YES;
				CLANG_WARN_NON_LITERAL_NULL_CONVERSION = YES;
				CLANG_WARN_OBJC_IMPLICIT_RETAIN_SELF = YES;
				CLANG_WARN_OBJC_LITERAL_CONVERSION = YES;
				CLANG_WARN_OBJC_ROOT_CLASS = YES_ERROR;
				CLANG_WARN_QUOTED_INCLUDE_IN_FRAMEWORK_HEADER = YES;
				CLANG_WARN_RANGE_LOOP_ANALYSIS = YES;
				CLANG_WARN_STRICT_PROTOTYPES = YES;
				CLANG_WARN_SUSPICIOUS_MOVE = YES;
				CLANG_WARN_UNGUARDED_AVAILABILITY = YES_AGGRESSIVE;
				CLANG_WARN_UNREACHABLE_CODE = YES;
				CLANG_WARN__DUPLICATE_METHOD_MATCH = YES;
				COPY_PHASE_STRIP = NO;
				DEBUG_INFORMATION_FORMAT = "dwarf-with-dsym";
				ENABLE_NS_ASSERTIONS = NO;
				ENABLE_STRICT_OBJC_MSGSEND = YES;
				GCC_C_LANGUAGE_STANDARD = gnu11;
				GCC_NO_COMMON_BLOCKS = YES;
				GCC_WARN_64_TO_32_BIT_CONVERSION = YES;
				GCC_WARN_ABOUT_RETURN_TYPE = YES_ERROR;
				GCC_WARN_UNDECLARED_SELECTOR = YES;
				GCC_WARN_UNINITIALIZED_AUTOS = YES_AGGRESSIVE;
				GCC_WARN_UNUSED_FUNCTION = YES;
				GCC_WARN_UNUSED_VARIABLE = YES;
				IPHONEOS_DEPLOYMENT_TARGET = 17.0;
				MTL_ENABLE_DEBUG_INFO = NO;
				MTL_FAST_MATH = YES;
				SDKROOT = iphoneos;
				SWIFT_COMPILATION_MODE = wholemodule;
				SWIFT_OPTIMIZATION_LEVEL = "-O";
				VALIDATE_PRODUCT = YES;
			};
			name = Release;
		};
		F110216E2B09233300334235 /* Debug */ = {
			isa = XCBuildConfiguration;
			buildSettings = {
				ALWAYS_EMBED_SWIFT_STANDARD_LIBRARIES = YES;
				ASSETCATALOG_COMPILER_APPICON_NAME = AppIcon;
				ASSETCATALOG_COMPILER_GLOBAL_ACCENT_COLOR_NAME = AccentColor;
				CODE_SIGN_STYLE = Automatic;
				CURRENT_PROJECT_VERSION = 1;
				DEVELOPMENT_ASSET_PATHS = "\"emergency_widget/Preview Content\"";
				DEVELOPMENT_TEAM = UB8N79YCW2;
				ENABLE_PREVIEWS = YES;
				GENERATE_INFOPLIST_FILE = YES;
				INFOPLIST_KEY_UIApplicationSceneManifest_Generation = YES;
				INFOPLIST_KEY_UIApplicationSupportsIndirectInputEvents = YES;
				INFOPLIST_KEY_UILaunchScreen_Generation = YES;
				INFOPLIST_KEY_UISupportedInterfaceOrientations_iPad = "UIInterfaceOrientationPortrait UIInterfaceOrientationPortraitUpsideDown UIInterfaceOrientationLandscapeLeft UIInterfaceOrientationLandscapeRight";
				INFOPLIST_KEY_UISupportedInterfaceOrientations_iPhone = "UIInterfaceOrientationPortrait UIInterfaceOrientationLandscapeLeft UIInterfaceOrientationLandscapeRight";
				IPHONEOS_DEPLOYMENT_TARGET = 17.0;
				LD_RUNPATH_SEARCH_PATHS = (
					"$(inherited)",
					"@executable_path/Frameworks",
				);
				MARKETING_VERSION = 1.0;
				PRODUCT_BUNDLE_IDENTIFIER = "me.dave.rishi.qyk-alert";
				PRODUCT_NAME = "$(TARGET_NAME)";
				SWIFT_EMIT_LOC_STRINGS = YES;
				SWIFT_VERSION = 5.0;
				TARGETED_DEVICE_FAMILY = "1,2";
			};
			name = Debug;
		};
		F110216F2B09233300334235 /* Release */ = {
			isa = XCBuildConfiguration;
			buildSettings = {
				ALWAYS_EMBED_SWIFT_STANDARD_LIBRARIES = YES;
				ASSETCATALOG_COMPILER_APPICON_NAME = AppIcon;
				ASSETCATALOG_COMPILER_GLOBAL_ACCENT_COLOR_NAME = AccentColor;
				CODE_SIGN_STYLE = Automatic;
				CURRENT_PROJECT_VERSION = 1;
				DEVELOPMENT_ASSET_PATHS = "\"emergency_widget/Preview Content\"";
				DEVELOPMENT_TEAM = UB8N79YCW2;
				ENABLE_PREVIEWS = YES;
				GENERATE_INFOPLIST_FILE = YES;
				INFOPLIST_KEY_UIApplicationSceneManifest_Generation = YES;
				INFOPLIST_KEY_UIApplicationSupportsIndirectInputEvents = YES;
				INFOPLIST_KEY_UILaunchScreen_Generation = YES;
				INFOPLIST_KEY_UISupportedInterfaceOrientations_iPad = "UIInterfaceOrientationPortrait UIInterfaceOrientationPortraitUpsideDown UIInterfaceOrientationLandscapeLeft UIInterfaceOrientationLandscapeRight";
				INFOPLIST_KEY_UISupportedInterfaceOrientations_iPhone = "UIInterfaceOrientationPortrait UIInterfaceOrientationLandscapeLeft UIInterfaceOrientationLandscapeRight";
				IPHONEOS_DEPLOYMENT_TARGET = 17.0;
				LD_RUNPATH_SEARCH_PATHS = (
					"$(inherited)",
					"@executable_path/Frameworks",
				);
				MARKETING_VERSION = 1.0;
				PRODUCT_BUNDLE_IDENTIFIER = "me.dave.rishi.qyk-alert";
				PRODUCT_NAME = "$(TARGET_NAME)";
				SWIFT_EMIT_LOC_STRINGS = YES;
				SWIFT_VERSION = 5.0;
				TARGETED_DEVICE_FAMILY = "1,2";
			};
			name = Release;
		};
		F111412E2B09800300876BEE /* Debug */ = {
			isa = XCBuildConfiguration;
			buildSettings = {
				ASSETCATALOG_COMPILER_GENERATE_SWIFT_ASSET_SYMBOL_EXTENSIONS = YES;
				ASSETCATALOG_COMPILER_GLOBAL_ACCENT_COLOR_NAME = AccentColor;
				ASSETCATALOG_COMPILER_WIDGET_BACKGROUND_COLOR_NAME = WidgetBackground;
				CODE_SIGN_STYLE = Automatic;
				CURRENT_PROJECT_VERSION = 1;
				DEVELOPMENT_TEAM = UB8N79YCW2;
				ENABLE_USER_SCRIPT_SANDBOXING = YES;
				GCC_C_LANGUAGE_STANDARD = gnu17;
				GENERATE_INFOPLIST_FILE = YES;
				INFOPLIST_FILE = widget_extension/Info.plist;
				INFOPLIST_KEY_CFBundleDisplayName = widget_extension;
				INFOPLIST_KEY_NSHumanReadableCopyright = "";
				IPHONEOS_DEPLOYMENT_TARGET = 17.0;
				LD_RUNPATH_SEARCH_PATHS = (
					"$(inherited)",
					"@executable_path/Frameworks",
					"@executable_path/../../Frameworks",
				);
				LOCALIZATION_PREFERS_STRING_CATALOGS = YES;
				MARKETING_VERSION = 1.0;
				PRODUCT_BUNDLE_IDENTIFIER = "me.dave.rishi.qyk-alert.widget-extension";
				PRODUCT_NAME = "$(TARGET_NAME)";
				SKIP_INSTALL = YES;
				SWIFT_ACTIVE_COMPILATION_CONDITIONS = "DEBUG $(inherited)";
				SWIFT_EMIT_LOC_STRINGS = YES;
				SWIFT_VERSION = 5.0;
				TARGETED_DEVICE_FAMILY = "1,2";
			};
			name = Debug;
		};
		F111412F2B09800300876BEE /* Release */ = {
			isa = XCBuildConfiguration;
			buildSettings = {
				ASSETCATALOG_COMPILER_GENERATE_SWIFT_ASSET_SYMBOL_EXTENSIONS = YES;
				ASSETCATALOG_COMPILER_GLOBAL_ACCENT_COLOR_NAME = AccentColor;
				ASSETCATALOG_COMPILER_WIDGET_BACKGROUND_COLOR_NAME = WidgetBackground;
				CODE_SIGN_STYLE = Automatic;
				CURRENT_PROJECT_VERSION = 1;
				DEVELOPMENT_TEAM = UB8N79YCW2;
				ENABLE_USER_SCRIPT_SANDBOXING = YES;
				GCC_C_LANGUAGE_STANDARD = gnu17;
				GENERATE_INFOPLIST_FILE = YES;
				INFOPLIST_FILE = widget_extension/Info.plist;
				INFOPLIST_KEY_CFBundleDisplayName = widget_extension;
				INFOPLIST_KEY_NSHumanReadableCopyright = "";
				IPHONEOS_DEPLOYMENT_TARGET = 17.0;
				LD_RUNPATH_SEARCH_PATHS = (
					"$(inherited)",
					"@executable_path/Frameworks",
					"@executable_path/../../Frameworks",
				);
				LOCALIZATION_PREFERS_STRING_CATALOGS = YES;
				MARKETING_VERSION = 1.0;
				PRODUCT_BUNDLE_IDENTIFIER = "me.dave.rishi.qyk-alert.widget-extension";
				PRODUCT_NAME = "$(TARGET_NAME)";
				SKIP_INSTALL = YES;
				SWIFT_EMIT_LOC_STRINGS = YES;
				SWIFT_VERSION = 5.0;
				TARGETED_DEVICE_FAMILY = "1,2";
			};
			name = Release;
		};
/* End XCBuildConfiguration section */

/* Begin XCConfigurationList section */
		F110215A2B09233200334235 /* Build configuration list for PBXProject "emergency_widget" */ = {
			isa = XCConfigurationList;
			buildConfigurations = (
				F110216B2B09233300334235 /* Debug */,
				F110216C2B09233300334235 /* Release */,
			);
			defaultConfigurationIsVisible = 0;
			defaultConfigurationName = Release;
		};
		F110216D2B09233300334235 /* Build configuration list for PBXNativeTarget "emergency_widget" */ = {
			isa = XCConfigurationList;
			buildConfigurations = (
				F110216E2B09233300334235 /* Debug */,
				F110216F2B09233300334235 /* Release */,
			);
			defaultConfigurationIsVisible = 0;
			defaultConfigurationName = Release;
		};
		F111412D2B09800300876BEE /* Build configuration list for PBXNativeTarget "widget_extensionExtension" */ = {
			isa = XCConfigurationList;
			buildConfigurations = (
				F111412E2B09800300876BEE /* Debug */,
				F111412F2B09800300876BEE /* Release */,
			);
			defaultConfigurationIsVisible = 0;
			defaultConfigurationName = Release;
		};
/* End XCConfigurationList section */
	};
	rootObject = F11021572B09233200334235 /* Project object */;
}
